// !$*UTF8*$!
{
	archiveVersion = 1;
	classes = {
	};
	objectVersion = 51;
	objects = {

/* Begin PBXBuildFile section */
		17E6CE84220684F800E97F57 /* AppDelegate.swift in Sources */ = {isa = PBXBuildFile; fileRef = 17E6CE83220684F800E97F57 /* AppDelegate.swift */; };
		17E6CE86220684F800E97F57 /* GameScene.sks in Resources */ = {isa = PBXBuildFile; fileRef = 17E6CE85220684F800E97F57 /* GameScene.sks */; };
		17E6CE88220684F800E97F57 /* Actions.sks in Resources */ = {isa = PBXBuildFile; fileRef = 17E6CE87220684F800E97F57 /* Actions.sks */; };
		17E6CE8A220684F800E97F57 /* GameScene.swift in Sources */ = {isa = PBXBuildFile; fileRef = 17E6CE89220684F800E97F57 /* GameScene.swift */; };
		17E6CE8C220684F800E97F57 /* ViewController.swift in Sources */ = {isa = PBXBuildFile; fileRef = 17E6CE8B220684F800E97F57 /* ViewController.swift */; };
		17E6CE8E220684F900E97F57 /* Assets.xcassets in Resources */ = {isa = PBXBuildFile; fileRef = 17E6CE8D220684F900E97F57 /* Assets.xcassets */; };
		17E6CE91220684F900E97F57 /* Main.storyboard in Resources */ = {isa = PBXBuildFile; fileRef = 17E6CE8F220684F900E97F57 /* Main.storyboard */; };
		17E6CE9C2207585D00E97F57 /* BoardCell.swift in Sources */ = {isa = PBXBuildFile; fileRef = 17E6CE9B2207585D00E97F57 /* BoardCell.swift */; };
		17E6CEA02207636900E97F57 /* Board.swift in Sources */ = {isa = PBXBuildFile; fileRef = 17E6CE9F2207636900E97F57 /* Board.swift */; };
		17E6CEA22207671000E97F57 /* Dot.swift in Sources */ = {isa = PBXBuildFile; fileRef = 17E6CEA12207671000E97F57 /* Dot.swift */; };
/* End PBXBuildFile section */

/* Begin PBXFileReference section */
		17E6CE80220684F800E97F57 /* Pipopipette.app */ = {isa = PBXFileReference; explicitFileType = wrapper.application; includeInIndex = 0; path = Pipopipette.app; sourceTree = BUILT_PRODUCTS_DIR; };
		17E6CE83220684F800E97F57 /* AppDelegate.swift */ = {isa = PBXFileReference; lastKnownFileType = sourcecode.swift; path = AppDelegate.swift; sourceTree = "<group>"; };
		17E6CE85220684F800E97F57 /* GameScene.sks */ = {isa = PBXFileReference; lastKnownFileType = file.sks; path = GameScene.sks; sourceTree = "<group>"; };
		17E6CE87220684F800E97F57 /* Actions.sks */ = {isa = PBXFileReference; lastKnownFileType = file.sks; path = Actions.sks; sourceTree = "<group>"; };
		17E6CE89220684F800E97F57 /* GameScene.swift */ = {isa = PBXFileReference; lastKnownFileType = sourcecode.swift; path = GameScene.swift; sourceTree = "<group>"; };
		17E6CE8B220684F800E97F57 /* ViewController.swift */ = {isa = PBXFileReference; lastKnownFileType = sourcecode.swift; path = ViewController.swift; sourceTree = "<group>"; };
		17E6CE8D220684F900E97F57 /* Assets.xcassets */ = {isa = PBXFileReference; lastKnownFileType = folder.assetcatalog; path = Assets.xcassets; sourceTree = "<group>"; };
		17E6CE90220684F900E97F57 /* Base */ = {isa = PBXFileReference; lastKnownFileType = file.storyboard; name = Base; path = Base.lproj/Main.storyboard; sourceTree = "<group>"; };
		17E6CE92220684F900E97F57 /* Info.plist */ = {isa = PBXFileReference; lastKnownFileType = text.plist.xml; path = Info.plist; sourceTree = "<group>"; };
		17E6CE93220684F900E97F57 /* Pipopipette.entitlements */ = {isa = PBXFileReference; lastKnownFileType = text.plist.entitlements; path = Pipopipette.entitlements; sourceTree = "<group>"; };
		17E6CE9B2207585D00E97F57 /* BoardCell.swift */ = {isa = PBXFileReference; lastKnownFileType = sourcecode.swift; path = BoardCell.swift; sourceTree = "<group>"; };
		17E6CE9F2207636900E97F57 /* Board.swift */ = {isa = PBXFileReference; lastKnownFileType = sourcecode.swift; path = Board.swift; sourceTree = "<group>"; };
		17E6CEA12207671000E97F57 /* Dot.swift */ = {isa = PBXFileReference; lastKnownFileType = sourcecode.swift; path = Dot.swift; sourceTree = "<group>"; };
/* End PBXFileReference section */

/* Begin PBXFrameworksBuildPhase section */
		17E6CE7D220684F800E97F57 /* Frameworks */ = {
			isa = PBXFrameworksBuildPhase;
			buildActionMask = 2147483647;
			files = (
			);
			runOnlyForDeploymentPostprocessing = 0;
		};
/* End PBXFrameworksBuildPhase section */

/* Begin PBXGroup section */
		17E6CE77220684F800E97F57 = {
			isa = PBXGroup;
			children = (
				17E6CE82220684F800E97F57 /* Pipopipette */,
				17E6CE81220684F800E97F57 /* Products */,
			);
			sourceTree = "<group>";
		};
		17E6CE81220684F800E97F57 /* Products */ = {
			isa = PBXGroup;
			children = (
				17E6CE80220684F800E97F57 /* Pipopipette.app */,
			);
			name = Products;
			sourceTree = "<group>";
		};
		17E6CE82220684F800E97F57 /* Pipopipette */ = {
			isa = PBXGroup;
			children = (
				17E6CE83220684F800E97F57 /* AppDelegate.swift */,
				17E6CE85220684F800E97F57 /* GameScene.sks */,
				17E6CE87220684F800E97F57 /* Actions.sks */,
				17E6CE89220684F800E97F57 /* GameScene.swift */,
				17E6CE8B220684F800E97F57 /* ViewController.swift */,
				17E6CE8D220684F900E97F57 /* Assets.xcassets */,
				17E6CE8F220684F900E97F57 /* Main.storyboard */,
				17E6CE92220684F900E97F57 /* Info.plist */,
				17E6CE93220684F900E97F57 /* Pipopipette.entitlements */,
				17E6CE9F2207636900E97F57 /* Board.swift */,
				17E6CE9B2207585D00E97F57 /* BoardCell.swift */,
				17E6CEA12207671000E97F57 /* Dot.swift */,
			);
			path = Pipopipette;
			sourceTree = "<group>";
		};
/* End PBXGroup section */

/* Begin PBXNativeTarget section */
		17E6CE7F220684F800E97F57 /* Pipopipette */ = {
			isa = PBXNativeTarget;
			buildConfigurationList = 17E6CE96220684F900E97F57 /* Build configuration list for PBXNativeTarget "Pipopipette" */;
			buildPhases = (
				17E6CE7C220684F800E97F57 /* Sources */,
				17E6CE7D220684F800E97F57 /* Frameworks */,
				17E6CE7E220684F800E97F57 /* Resources */,
			);
			buildRules = (
			);
			dependencies = (
			);
			name = Pipopipette;
			productName = Pipopipette;
			productReference = 17E6CE80220684F800E97F57 /* Pipopipette.app */;
			productType = "com.apple.product-type.application";
		};
/* End PBXNativeTarget section */

/* Begin PBXProject section */
		17E6CE78220684F800E97F57 /* Project object */ = {
			isa = PBXProject;
			attributes = {
				LastSwiftUpdateCheck = 1010;
				LastUpgradeCheck = 1010;
				ORGANIZATIONNAME = "Thomas Lagrange";
				TargetAttributes = {
					17E6CE7F220684F800E97F57 = {
						CreatedOnToolsVersion = 10.1;
					};
				};
			};
			buildConfigurationList = 17E6CE7B220684F800E97F57 /* Build configuration list for PBXProject "Pipopipette" */;
			compatibilityVersion = "Xcode 10.0";
			developmentRegion = en;
			hasScannedForEncodings = 0;
			knownRegions = (
				en,
				Base,
			);
			mainGroup = 17E6CE77220684F800E97F57;
			productRefGroup = 17E6CE81220684F800E97F57 /* Products */;
			projectDirPath = "";
			projectRoot = "";
			targets = (
				17E6CE7F220684F800E97F57 /* Pipopipette */,
			);
		};
/* End PBXProject section */

/* Begin PBXResourcesBuildPhase section */
		17E6CE7E220684F800E97F57 /* Resources */ = {
			isa = PBXResourcesBuildPhase;
			buildActionMask = 2147483647;
			files = (
				17E6CE86220684F800E97F57 /* GameScene.sks in Resources */,
				17E6CE8E220684F900E97F57 /* Assets.xcassets in Resources */,
				17E6CE88220684F800E97F57 /* Actions.sks in Resources */,
				17E6CE91220684F900E97F57 /* Main.storyboard in Resources */,
			);
			runOnlyForDeploymentPostprocessing = 0;
		};
/* End PBXResourcesBuildPhase section */

/* Begin PBXSourcesBuildPhase section */
		17E6CE7C220684F800E97F57 /* Sources */ = {
			isa = PBXSourcesBuildPhase;
			buildActionMask = 2147483647;
			files = (
				17E6CE8C220684F800E97F57 /* ViewController.swift in Sources */,
				17E6CE8A220684F800E97F57 /* GameScene.swift in Sources */,
				17E6CEA02207636900E97F57 /* Board.swift in Sources */,
				17E6CE9C2207585D00E97F57 /* BoardCell.swift in Sources */,
				17E6CE84220684F800E97F57 /* AppDelegate.swift in Sources */,
				17E6CEA22207671000E97F57 /* Dot.swift in Sources */,
			);
			runOnlyForDeploymentPostprocessing = 0;
		};
/* End PBXSourcesBuildPhase section */

/* Begin PBXVariantGroup section */
		17E6CE8F220684F900E97F57 /* Main.storyboard */ = {
			isa = PBXVariantGroup;
			children = (
				17E6CE90220684F900E97F57 /* Base */,
			);
			name = Main.storyboard;
			sourceTree = "<group>";
		};
/* End PBXVariantGroup section */

/* Begin XCBuildConfiguration section */
		17E6CE94220684F900E97F57 /* Debug */ = {
			isa = XCBuildConfiguration;
			buildSettings = {
				ALWAYS_SEARCH_USER_PATHS = NO;
				CLANG_ANALYZER_NONNULL = YES;
				CLANG_ANALYZER_NUMBER_OBJECT_CONVERSION = YES_AGGRESSIVE;
				CLANG_CXX_LANGUAGE_STANDARD = "gnu++14";
				CLANG_CXX_LIBRARY = "libc++";
				CLANG_ENABLE_MODULES = YES;
				CLANG_ENABLE_OBJC_ARC = YES;
				CLANG_ENABLE_OBJC_WEAK = YES;
				CLANG_WARN_BLOCK_CAPTURE_AUTORELEASING = YES;
				CLANG_WARN_BOOL_CONVERSION = YES;
				CLANG_WARN_COMMA = YES;
				CLANG_WARN_CONSTANT_CONVERSION = YES;
				CLANG_WARN_DEPRECATED_OBJC_IMPLEMENTATIONS = YES;
				CLANG_WARN_DIRECT_OBJC_ISA_USAGE = YES_ERROR;
				CLANG_WARN_DOCUMENTATION_COMMENTS = YES;
				CLANG_WARN_EMPTY_BODY = YES;
				CLANG_WARN_ENUM_CONVERSION = YES;
				CLANG_WARN_INFINITE_RECURSION = YES;
				CLANG_WARN_INT_CONVERSION = YES;
				CLANG_WARN_NON_LITERAL_NULL_CONVERSION = YES;
				CLANG_WARN_OBJC_IMPLICIT_RETAIN_SELF = YES;
				CLANG_WARN_OBJC_LITERAL_CONVERSION = YES;
				CLANG_WARN_OBJC_ROOT_CLASS = YES_ERROR;
				CLANG_WARN_RANGE_LOOP_ANALYSIS = YES;
				CLANG_WARN_STRICT_PROTOTYPES = YES;
				CLANG_WARN_SUSPICIOUS_MOVE = YES;
				CLANG_WARN_UNGUARDED_AVAILABILITY = YES_AGGRESSIVE;
				CLANG_WARN_UNREACHABLE_CODE = YES;
				CLANG_WARN__DUPLICATE_METHOD_MATCH = YES;
				CODE_SIGN_IDENTITY = "-";
				COPY_PHASE_STRIP = NO;
				DEBUG_INFORMATION_FORMAT = dwarf;
				ENABLE_STRICT_OBJC_MSGSEND = YES;
				ENABLE_TESTABILITY = YES;
				GCC_C_LANGUAGE_STANDARD = gnu11;
				GCC_DYNAMIC_NO_PIC = NO;
				GCC_NO_COMMON_BLOCKS = YES;
				GCC_OPTIMIZATION_LEVEL = 0;
				GCC_PREPROCESSOR_DEFINITIONS = (
					"DEBUG=1",
					"$(inherited)",
				);
				GCC_WARN_64_TO_32_BIT_CONVERSION = YES;
				GCC_WARN_ABOUT_RETURN_TYPE = YES_ERROR;
				GCC_WARN_UNDECLARED_SELECTOR = YES;
				GCC_WARN_UNINITIALIZED_AUTOS = YES_AGGRESSIVE;
				GCC_WARN_UNUSED_FUNCTION = YES;
				GCC_WARN_UNUSED_VARIABLE = YES;
				MACOSX_DEPLOYMENT_TARGET = 10.14;
				MTL_ENABLE_DEBUG_INFO = INCLUDE_SOURCE;
				MTL_FAST_MATH = YES;
				ONLY_ACTIVE_ARCH = YES;
				SDKROOT = macosx;
				SWIFT_ACTIVE_COMPILATION_CONDITIONS = DEBUG;
				SWIFT_OPTIMIZATION_LEVEL = "-Onone";
			};
			name = Debug;
		};
		17E6CE95220684F900E97F57 /* Release */ = {
			isa = XCBuildConfiguration;
			buildSettings = {
				ALWAYS_SEARCH_USER_PATHS = NO;
				CLANG_ANALYZER_NONNULL = YES;
				CLANG_ANALYZER_NUMBER_OBJECT_CONVERSION = YES_AGGRESSIVE;
				CLANG_CXX_LANGUAGE_STANDARD = "gnu++14";
				CLANG_CXX_LIBRARY = "libc++";
				CLANG_ENABLE_MODULES = YES;
				CLANG_ENABLE_OBJC_ARC = YES;
				CLANG_ENABLE_OBJC_WEAK = YES;
				CLANG_WARN_BLOCK_CAPTURE_AUTORELEASING = YES;
				CLANG_WARN_BOOL_CONVERSION = YES;
				CLANG_WARN_COMMA = YES;
				CLANG_WARN_CONSTANT_CONVERSION = YES;
				CLANG_WARN_DEPRECATED_OBJC_IMPLEMENTATIONS = YES;
				CLANG_WARN_DIRECT_OBJC_ISA_USAGE = YES_ERROR;
				CLANG_WARN_DOCUMENTATION_COMMENTS = YES;
				CLANG_WARN_EMPTY_BODY = YES;
				CLANG_WARN_ENUM_CONVERSION = YES;
				CLANG_WARN_INFINITE_RECURSION = YES;
				CLANG_WARN_INT_CONVERSION = YES;
				CLANG_WARN_NON_LITERAL_NULL_CONVERSION = YES;
				CLANG_WARN_OBJC_IMPLICIT_RETAIN_SELF = YES;
				CLANG_WARN_OBJC_LITERAL_CONVERSION = YES;
				CLANG_WARN_OBJC_ROOT_CLASS = YES_ERROR;
				CLANG_WARN_RANGE_LOOP_ANALYSIS = YES;
				CLANG_WARN_STRICT_PROTOTYPES = YES;
				CLANG_WARN_SUSPICIOUS_MOVE = YES;
				CLANG_WARN_UNGUARDED_AVAILABILITY = YES_AGGRESSIVE;
				CLANG_WARN_UNREACHABLE_CODE = YES;
				CLANG_WARN__DUPLICATE_METHOD_MATCH = YES;
				CODE_SIGN_IDENTITY = "-";
				COPY_PHASE_STRIP = NO;
				DEBUG_INFORMATION_FORMAT = "dwarf-with-dsym";
				ENABLE_NS_ASSERTIONS = NO;
				ENABLE_STRICT_OBJC_MSGSEND = YES;
				GCC_C_LANGUAGE_STANDARD = gnu11;
				GCC_NO_COMMON_BLOCKS = YES;
				GCC_WARN_64_TO_32_BIT_CONVERSION = YES;
				GCC_WARN_ABOUT_RETURN_TYPE = YES_ERROR;
				GCC_WARN_UNDECLARED_SELECTOR = YES;
				GCC_WARN_UNINITIALIZED_AUTOS = YES_AGGRESSIVE;
				GCC_WARN_UNUSED_FUNCTION = YES;
				GCC_WARN_UNUSED_VARIABLE = YES;
				MACOSX_DEPLOYMENT_TARGET = 10.14;
				MTL_ENABLE_DEBUG_INFO = NO;
				MTL_FAST_MATH = YES;
				SDKROOT = macosx;
				SWIFT_COMPILATION_MODE = wholemodule;
				SWIFT_OPTIMIZATION_LEVEL = "-O";
			};
			name = Release;
		};
		17E6CE97220684F900E97F57 /* Debug */ = {
			isa = XCBuildConfiguration;
			buildSettings = {
				ASSETCATALOG_COMPILER_APPICON_NAME = AppIcon;
				CODE_SIGN_ENTITLEMENTS = Pipopipette/Pipopipette.entitlements;
				CODE_SIGN_STYLE = Automatic;
				COMBINE_HIDPI_IMAGES = YES;
				INFOPLIST_FILE = Pipopipette/Info.plist;
				LD_RUNPATH_SEARCH_PATHS = (
					"$(inherited)",
					"@executable_path/../Frameworks",
				);
				PRODUCT_BUNDLE_IDENTIFIER = com.tlagrange.Pipopipette;
				PRODUCT_NAME = "$(TARGET_NAME)";
				SWIFT_VERSION = 4.2;
			};
			name = Debug;
		};
		17E6CE98220684F900E97F57 /* Release */ = {
			isa = XCBuildConfiguration;
			buildSettings = {
				ASSETCATALOG_COMPILER_APPICON_NAME = AppIcon;
				CODE_SIGN_ENTITLEMENTS = Pipopipette/Pipopipette.entitlements;
				CODE_SIGN_STYLE = Automatic;
				COMBINE_HIDPI_IMAGES = YES;
				INFOPLIST_FILE = Pipopipette/Info.plist;
				LD_RUNPATH_SEARCH_PATHS = (
					"$(inherited)",
					"@executable_path/../Frameworks",
				);
				PRODUCT_BUNDLE_IDENTIFIER = com.tlagrange.Pipopipette;
				PRODUCT_NAME = "$(TARGET_NAME)";
				SWIFT_VERSION = 4.2;
			};
			name = Release;
		};
/* End XCBuildConfiguration section */

/* Begin XCConfigurationList section */
		17E6CE7B220684F800E97F57 /* Build configuration list for PBXProject "Pipopipette" */ = {
			isa = XCConfigurationList;
			buildConfigurations = (
				17E6CE94220684F900E97F57 /* Debug */,
				17E6CE95220684F900E97F57 /* Release */,
			);
			defaultConfigurationIsVisible = 0;
			defaultConfigurationName = Release;
		};
		17E6CE96220684F900E97F57 /* Build configuration list for PBXNativeTarget "Pipopipette" */ = {
			isa = XCConfigurationList;
			buildConfigurations = (
				17E6CE97220684F900E97F57 /* Debug */,
				17E6CE98220684F900E97F57 /* Release */,
			);
			defaultConfigurationIsVisible = 0;
			defaultConfigurationName = Release;
		};
/* End XCConfigurationList section */
	};
	rootObject = 17E6CE78220684F800E97F57 /* Project object */;
}
